// !$*UTF8*$!
{
	archiveVersion = 1;
	classes = {
	};
	objectVersion = 48;
	objects = {

/* Begin PBXBuildFile section */
		F4867D99204655A30006924E /* AppDelegate.swift in Sources */ = {isa = PBXBuildFile; fileRef = F4867D98204655A30006924E /* AppDelegate.swift */; };
		F4867D9B204655A30006924E /* ViewController.swift in Sources */ = {isa = PBXBuildFile; fileRef = F4867D9A204655A30006924E /* ViewController.swift */; };
		F4867D9E204655A30006924E /* Main.storyboard in Resources */ = {isa = PBXBuildFile; fileRef = F4867D9C204655A30006924E /* Main.storyboard */; };
		F4867DA0204655A30006924E /* Assets.xcassets in Resources */ = {isa = PBXBuildFile; fileRef = F4867D9F204655A30006924E /* Assets.xcassets */; };
		F4867DA3204655A30006924E /* LaunchScreen.storyboard in Resources */ = {isa = PBXBuildFile; fileRef = F4867DA1204655A30006924E /* LaunchScreen.storyboard */; };
		F4867DAC204655B60006924E /* XYXFlatSegmentControl.swift in Sources */ = {isa = PBXBuildFile; fileRef = F4867DAB204655B60006924E /* XYXFlatSegmentControl.swift */; };
/* End PBXBuildFile section */

/* Begin PBXFileReference section */
		F4867D95204655A30006924E /* XYXFlatSegmentControlDemo.app */ = {isa = PBXFileReference; explicitFileType = wrapper.application; includeInIndex = 0; path = XYXFlatSegmentControlDemo.app; sourceTree = BUILT_PRODUCTS_DIR; };
		F4867D98204655A30006924E /* AppDelegate.swift */ = {isa = PBXFileReference; lastKnownFileType = sourcecode.swift; path = AppDelegate.swift; sourceTree = "<group>"; };
		F4867D9A204655A30006924E /* ViewController.swift */ = {isa = PBXFileReference; lastKnownFileType = sourcecode.swift; path = ViewController.swift; sourceTree = "<group>"; };
		F4867D9D204655A30006924E /* Base */ = {isa = PBXFileReference; lastKnownFileType = file.storyboard; name = Base; path = Base.lproj/Main.storyboard; sourceTree = "<group>"; };
		F4867D9F204655A30006924E /* Assets.xcassets */ = {isa = PBXFileReference; lastKnownFileType = folder.assetcatalog; path = Assets.xcassets; sourceTree = "<group>"; };
		F4867DA2204655A30006924E /* Base */ = {isa = PBXFileReference; lastKnownFileType = file.storyboard; name = Base; path = Base.lproj/LaunchScreen.storyboard; sourceTree = "<group>"; };
		F4867DA4204655A30006924E /* Info.plist */ = {isa = PBXFileReference; lastKnownFileType = text.plist.xml; path = Info.plist; sourceTree = "<group>"; };
		F4867DAB204655B60006924E /* XYXFlatSegmentControl.swift */ = {isa = PBXFileReference; lastKnownFileType = sourcecode.swift; path = XYXFlatSegmentControl.swift; sourceTree = "<group>"; };
/* End PBXFileReference section */

/* Begin PBXFrameworksBuildPhase section */
		F4867D92204655A30006924E /* Frameworks */ = {
			isa = PBXFrameworksBuildPhase;
			buildActionMask = 2147483647;
			files = (
			);
			runOnlyForDeploymentPostprocessing = 0;
		};
/* End PBXFrameworksBuildPhase section */

/* Begin PBXGroup section */
		F4867D8C204655A30006924E = {
			isa = PBXGroup;
			children = (
				F4867D97204655A30006924E /* XYXFlatSegmentControlDemo */,
				F4867D96204655A30006924E /* Products */,
			);
			sourceTree = "<group>";
		};
		F4867D96204655A30006924E /* Products */ = {
			isa = PBXGroup;
			children = (
				F4867D95204655A30006924E /* XYXFlatSegmentControlDemo.app */,
			);
			name = Products;
			sourceTree = "<group>";
		};
		F4867D97204655A30006924E /* XYXFlatSegmentControlDemo */ = {
			isa = PBXGroup;
			children = (
				F4867D98204655A30006924E /* AppDelegate.swift */,
				F4867D9A204655A30006924E /* ViewController.swift */,
				F4867DAA204655AE0006924E /* XYXFlatSegmentControl */,
				F4867D9C204655A30006924E /* Main.storyboard */,
				F4867D9F204655A30006924E /* Assets.xcassets */,
				F4867DA1204655A30006924E /* LaunchScreen.storyboard */,
				F4867DA4204655A30006924E /* Info.plist */,
			);
			path = XYXFlatSegmentControlDemo;
			sourceTree = "<group>";
		};
		F4867DAA204655AE0006924E /* XYXFlatSegmentControl */ = {
			isa = PBXGroup;
			children = (
				F4867DAB204655B60006924E /* XYXFlatSegmentControl.swift */,
			);
			path = XYXFlatSegmentControl;
			sourceTree = "<group>";
		};
/* End PBXGroup section */

/* Begin PBXNativeTarget section */
		F4867D94204655A30006924E /* XYXFlatSegmentControlDemo */ = {
			isa = PBXNativeTarget;
			buildConfigurationList = F4867DA7204655A30006924E /* Build configuration list for PBXNativeTarget "XYXFlatSegmentControlDemo" */;
			buildPhases = (
				F4867D91204655A30006924E /* Sources */,
				F4867D92204655A30006924E /* Frameworks */,
				F4867D93204655A30006924E /* Resources */,
			);
			buildRules = (
			);
			dependencies = (
			);
			name = XYXFlatSegmentControlDemo;
			productName = XYXFlatSegmentControlDemo;
			productReference = F4867D95204655A30006924E /* XYXFlatSegmentControlDemo.app */;
			productType = "com.apple.product-type.application";
		};
/* End PBXNativeTarget section */

/* Begin PBXProject section */
		F4867D8D204655A30006924E /* Project object */ = {
			isa = PBXProject;
			attributes = {
				LastSwiftUpdateCheck = 0920;
				LastUpgradeCheck = 0920;
				ORGANIZATIONNAME = Teresa;
				TargetAttributes = {
					F4867D94204655A30006924E = {
						CreatedOnToolsVersion = 9.2;
						ProvisioningStyle = Automatic;
					};
				};
			};
			buildConfigurationList = F4867D90204655A30006924E /* Build configuration list for PBXProject "XYXFlatSegmentControlDemo" */;
			compatibilityVersion = "Xcode 8.0";
			developmentRegion = en;
			hasScannedForEncodings = 0;
			knownRegions = (
				en,
				Base,
			);
			mainGroup = F4867D8C204655A30006924E;
			productRefGroup = F4867D96204655A30006924E /* Products */;
			projectDirPath = "";
			projectRoot = "";
			targets = (
				F4867D94204655A30006924E /* XYXFlatSegmentControlDemo */,
			);
		};
/* End PBXProject section */

/* Begin PBXResourcesBuildPhase section */
		F4867D93204655A30006924E /* Resources */ = {
			isa = PBXResourcesBuildPhase;
			buildActionMask = 2147483647;
			files = (
				F4867DA3204655A30006924E /* LaunchScreen.storyboard in Resources */,
				F4867DA0204655A30006924E /* Assets.xcassets in Resources */,
				F4867D9E204655A30006924E /* Main.storyboard in Resources */,
			);
			runOnlyForDeploymentPostprocessing = 0;
		};
/* End PBXResourcesBuildPhase section */

/* Begin PBXSourcesBuildPhase section */
		F4867D91204655A30006924E /* Sources */ = {
			isa = PBXSourcesBuildPhase;
			buildActionMask = 2147483647;
			files = (
				F4867D9B204655A30006924E /* ViewController.swift in Sources */,
				F4867DAC204655B60006924E /* XYXFlatSegmentControl.swift in Sources */,
				F4867D99204655A30006924E /* AppDelegate.swift in Sources */,
			);
			runOnlyForDeploymentPostprocessing = 0;
		};
/* End PBXSourcesBuildPhase section */

/* Begin PBXVariantGroup section */
		F4867D9C204655A30006924E /* Main.storyboard */ = {
			isa = PBXVariantGroup;
			children = (
				F4867D9D204655A30006924E /* Base */,
			);
			name = Main.storyboard;
			sourceTree = "<group>";
		};
		F4867DA1204655A30006924E /* LaunchScreen.storyboard */ = {
			isa = PBXVariantGroup;
			children = (
				F4867DA2204655A30006924E /* Base */,
			);
			name = LaunchScreen.storyboard;
			sourceTree = "<group>";
		};
/* End PBXVariantGroup section */

/* Begin XCBuildConfiguration section */
		F4867DA5204655A30006924E /* Debug */ = {
			isa = XCBuildConfiguration;
			buildSettings = {
				ALWAYS_SEARCH_USER_PATHS = NO;
				CLANG_ANALYZER_NONNULL = YES;
				CLANG_ANALYZER_NUMBER_OBJECT_CONVERSION = YES_AGGRESSIVE;
				CLANG_CXX_LANGUAGE_STANDARD = "gnu++14";
				CLANG_CXX_LIBRARY = "libc++";
				CLANG_ENABLE_MODULES = YES;
				CLANG_ENABLE_OBJC_ARC = YES;
				CLANG_WARN_BLOCK_CAPTURE_AUTORELEASING = YES;
				CLANG_WARN_BOOL_CONVERSION = YES;
				CLANG_WARN_COMMA = YES;
				CLANG_WARN_CONSTANT_CONVERSION = YES;
				CLANG_WARN_DIRECT_OBJC_ISA_USAGE = YES_ERROR;
				CLANG_WARN_DOCUMENTATION_COMMENTS = YES;
				CLANG_WARN_EMPTY_BODY = YES;
				CLANG_WARN_ENUM_CONVERSION = YES;
				CLANG_WARN_INFINITE_RECURSION = YES;
				CLANG_WARN_INT_CONVERSION = YES;
				CLANG_WARN_NON_LITERAL_NULL_CONVERSION = YES;
				CLANG_WARN_OBJC_LITERAL_CONVERSION = YES;
				CLANG_WARN_OBJC_ROOT_CLASS = YES_ERROR;
				CLANG_WARN_RANGE_LOOP_ANALYSIS = YES;
				CLANG_WARN_STRICT_PROTOTYPES = YES;
				CLANG_WARN_SUSPICIOUS_MOVE = YES;
				CLANG_WARN_UNGUARDED_AVAILABILITY = YES_AGGRESSIVE;
				CLANG_WARN_UNREACHABLE_CODE = YES;
				CLANG_WARN__DUPLICATE_METHOD_MATCH = YES;
				CODE_SIGN_IDENTITY = "iPhone Developer";
				COPY_PHASE_STRIP = NO;
				DEBUG_INFORMATION_FORMAT = dwarf;
				ENABLE_STRICT_OBJC_MSGSEND = YES;
				ENABLE_TESTABILITY = YES;
				GCC_C_LANGUAGE_STANDARD = gnu11;
				GCC_DYNAMIC_NO_PIC = NO;
				GCC_NO_COMMON_BLOCKS = YES;
				GCC_OPTIMIZATION_LEVEL = 0;
				GCC_PREPROCESSOR_DEFINITIONS = (
					"DEBUG=1",
					"$(inherited)",
				);
				GCC_WARN_64_TO_32_BIT_CONVERSION = YES;
				GCC_WARN_ABOUT_RETURN_TYPE = YES_ERROR;
				GCC_WARN_UNDECLARED_SELECTOR = YES;
				GCC_WARN_UNINITIALIZED_AUTOS = YES_AGGRESSIVE;
				GCC_WARN_UNUSED_FUNCTION = YES;
				GCC_WARN_UNUSED_VARIABLE = YES;
				IPHONEOS_DEPLOYMENT_TARGET = 11.2;
				MTL_ENABLE_DEBUG_INFO = YES;
				ONLY_ACTIVE_ARCH = YES;
				SDKROOT = iphoneos;
				SWIFT_ACTIVE_COMPILATION_CONDITIONS = DEBUG;
				SWIFT_OPTIMIZATION_LEVEL = "-Onone";
			};
			name = Debug;
		};
		F4867DA6204655A30006924E /* Release */ = {
			isa = XCBuildConfiguration;
			buildSettings = {
				ALWAYS_SEARCH_USER_PATHS = NO;
				CLANG_ANALYZER_NONNULL = YES;
				CLANG_ANALYZER_NUMBER_OBJECT_CONVERSION = YES_AGGRESSIVE;
				CLANG_CXX_LANGUAGE_STANDARD = "gnu++14";
				CLANG_CXX_LIBRARY = "libc++";
				CLANG_ENABLE_MODULES = YES;
				CLANG_ENABLE_OBJC_ARC = YES;
				CLANG_WARN_BLOCK_CAPTURE_AUTORELEASING = YES;
				CLANG_WARN_BOOL_CONVERSION = YES;
				CLANG_WARN_COMMA = YES;
				CLANG_WARN_CONSTANT_CONVERSION = YES;
				CLANG_WARN_DIRECT_OBJC_ISA_USAGE = YES_ERROR;
				CLANG_WARN_DOCUMENTATION_COMMENTS = YES;
				CLANG_WARN_EMPTY_BODY = YES;
				CLANG_WARN_ENUM_CONVERSION = YES;
				CLANG_WARN_INFINITE_RECURSION = YES;
				CLANG_WARN_INT_CONVERSION = YES;
				CLANG_WARN_NON_LITERAL_NULL_CONVERSION = YES;
				CLANG_WARN_OBJC_LITERAL_CONVERSION = YES;
				CLANG_WARN_OBJC_ROOT_CLASS = YES_ERROR;
				CLANG_WARN_RANGE_LOOP_ANALYSIS = YES;
				CLANG_WARN_STRICT_PROTOTYPES = YES;
				CLANG_WARN_SUSPICIOUS_MOVE = YES;
				CLANG_WARN_UNGUARDED_AVAILABILITY = YES_AGGRESSIVE;
				CLANG_WARN_UNREACHABLE_CODE = YES;
				CLANG_WARN__DUPLICATE_METHOD_MATCH = YES;
				CODE_SIGN_IDENTITY = "iPhone Developer";
				COPY_PHASE_STRIP = NO;
				DEBUG_INFORMATION_FORMAT = "dwarf-with-dsym";
				ENABLE_NS_ASSERTIONS = NO;
				ENABLE_STRICT_OBJC_MSGSEND = YES;
				GCC_C_LANGUAGE_STANDARD = gnu11;
				GCC_NO_COMMON_BLOCKS = YES;
				GCC_WARN_64_TO_32_BIT_CONVERSION = YES;
				GCC_WARN_ABOUT_RETURN_TYPE = YES_ERROR;
				GCC_WARN_UNDECLARED_SELECTOR = YES;
				GCC_WARN_UNINITIALIZED_AUTOS = YES_AGGRESSIVE;
				GCC_WARN_UNUSED_FUNCTION = YES;
				GCC_WARN_UNUSED_VARIABLE = YES;
				IPHONEOS_DEPLOYMENT_TARGET = 11.2;
				MTL_ENABLE_DEBUG_INFO = NO;
				SDKROOT = iphoneos;
				SWIFT_OPTIMIZATION_LEVEL = "-Owholemodule";
				VALIDATE_PRODUCT = YES;
			};
			name = Release;
		};
		F4867DA8204655A30006924E /* Debug */ = {
			isa = XCBuildConfiguration;
			buildSettings = {
				ASSETCATALOG_COMPILER_APPICON_NAME = AppIcon;
				CODE_SIGN_STYLE = Automatic;
				INFOPLIST_FILE = XYXFlatSegmentControlDemo/Info.plist;
				LD_RUNPATH_SEARCH_PATHS = "$(inherited) @executable_path/Frameworks";
				PRODUCT_BUNDLE_IDENTIFIER = Teresa.XYXFlatSegmentControlDemo;
				PRODUCT_NAME = "$(TARGET_NAME)";
				SWIFT_VERSION = 4.0;
				TARGETED_DEVICE_FAMILY = "1,2";
			};
			name = Debug;
		};
		F4867DA9204655A30006924E /* Release */ = {
			isa = XCBuildConfiguration;
			buildSettings = {
				ASSETCATALOG_COMPILER_APPICON_NAME = AppIcon;
				CODE_SIGN_STYLE = Automatic;
				INFOPLIST_FILE = XYXFlatSegmentControlDemo/Info.plist;
				LD_RUNPATH_SEARCH_PATHS = "$(inherited) @executable_path/Frameworks";
				PRODUCT_BUNDLE_IDENTIFIER = Teresa.XYXFlatSegmentControlDemo;
				PRODUCT_NAME = "$(TARGET_NAME)";
				SWIFT_VERSION = 4.0;
				TARGETED_DEVICE_FAMILY = "1,2";
			};
			name = Release;
		};
/* End XCBuildConfiguration section */

/* Begin XCConfigurationList section */
		F4867D90204655A30006924E /* Build configuration list for PBXProject "XYXFlatSegmentControlDemo" */ = {
			isa = XCConfigurationList;
			buildConfigurations = (
				F4867DA5204655A30006924E /* Debug */,
				F4867DA6204655A30006924E /* Release */,
			);
			defaultConfigurationIsVisible = 0;
			defaultConfigurationName = Release;
		};
		F4867DA7204655A30006924E /* Build configuration list for PBXNativeTarget "XYXFlatSegmentControlDemo" */ = {
			isa = XCConfigurationList;
			buildConfigurations = (
				F4867DA8204655A30006924E /* Debug */,
				F4867DA9204655A30006924E /* Release */,
			);
			defaultConfigurationIsVisible = 0;
			defaultConfigurationName = Release;
		};
/* End XCConfigurationList section */
	};
	rootObject = F4867D8D204655A30006924E /* Project object */;
}
